<?xml version="1.0" encoding="utf-8"?>
<Project ToolsVersion="4.0" xmlns="http://schemas.microsoft.com/developer/msbuild/2003">
  <ItemGroup>
    <Filter Include="Khaos">
      <UniqueIdentifier>{BBE0860D-27F5-AEBE-F076-521E5C4AABEF}</UniqueIdentifier>
    </Filter>
  </ItemGroup>
  <ItemGroup>
    <ClInclude Include="src\Khaos.h" />
    <ClInclude Include="src\Khaos\Application.h">
      <Filter>Khaos</Filter>
    </ClInclude>
    <ClInclude Include="src\Khaos\Core.h">
      <Filter>Khaos</Filter>
    </ClInclude>
    <ClInclude Include="src\Khaos\EntryPoint.h">
      <Filter>Khaos</Filter>
    </ClInclude>
    <ClInclude Include="src\Khaos\Log.h">
      <Filter>Khaos</Filter>
    </ClInclude>
  </ItemGroup>
  <ItemGroup>
    <ClCompile Include="src\Khaos\Application.cpp">
      <Filter>Khaos</Filter>
    </ClCompile>
    <ClCompile Include="src\Khaos\Log.cpp">
      <Filter>Khaos</Filter>
    </ClCompile>
  </ItemGroup>
</Project>